
Microsoft Visual Studio Solution File, Format Version 12.00
# Visual Studio Version 17
VisualStudioVersion = 17.3.32929.385
MinimumVisualStudioVersion = 10.0.40219.1
Project("{FAE04EC0-301F-11D3-BF4B-00C04F79EFBC}") = "RDMQA", "RDMQA\RDMQA.csproj", "{BA681A65-F023-4979-8057-236E227AAD7E}"
EndProject
Global
	GlobalSection(SolutionConfigurationPlatforms) = preSolution
		Debug|Any CPU = Debug|Any CPU
		Release|Any CPU = Release|Any CPU
	EndGlobalSection
	GlobalSection(ProjectConfigurationPlatforms) = postSolution
		{BA681A65-F023-4979-8057-236E227AAD7E}.Debug|Any CPU.ActiveCfg = Debug|Any CPU
		{BA681A65-F023-4979-8057-236E227AAD7E}.Debug|Any CPU.Build.0 = Debug|Any CPU
		{BA681A65-F023-4979-8057-236E227AAD7E}.Release|Any CPU.ActiveCfg = Release|Any CPU
		{BA681A65-F023-4979-8057-236E227AAD7E}.Release|Any CPU.Build.0 = Release|Any CPU
	EndGlobalSection
	GlobalSection(SolutionProperties) = preSolution
		HideSolutionNode = FALSE
	EndGlobalSection
	GlobalSection(ExtensibilityGlobals) = postSolution
		SolutionGuid = {62816EA1-BF9B-4E0B-BAB6-66D7387195B2}
	EndGlobalSection
EndGlobal
